dependencies:
- name: prometheus-postgres-exporter
  repository: https://prometheus-community.github.io/helm-charts
  version: 6.10.2
- name: prometheus-redis-exporter
  repository: https://prometheus-community.github.io/helm-charts
  version: 6.11.0
- name: prometheus-nginx-exporter
  repository: https://prometheus-community.github.io/helm-charts
  version: 1.6.0
- name: kube-state-metrics
  repository: https://prometheus-community.github.io/helm-charts
  version: 5.37.0
- name: grafana
  repository: https://grafana.github.io/helm-charts
  version: 9.2.6
- name: loki
  repository: https://grafana.github.io/helm-charts
  version: 6.30.1
- name: tempo
  repository: https://grafana.github.io/helm-charts
  version: 1.23.1
digest: sha256:10b4bdc443fac82ae4b344eecd575f6fe2c4d3121117d3f51bfe64c01fb14c7e
generated: "2025-06-24T19:14:49.166045-07:00"
